
Microsoft Visual Studio Solution File, Format Version 12.00
# Visual Studio Version 16
VisualStudioVersion = 16.0.29424.173
MinimumVisualStudioVersion = 10.0.40219.1
Project("{FAE04EC0-301F-11D3-BF4B-00C04F79EFBC}") = "Pizza", "Pizza.csproj", "{65B9A7A5-72A9-4EF2-8912-2C806F7DE611}"
EndProject
Project("{2150E333-8FDC-42A3-9474-1A3956D46DE8}") = "Testy", "Testy", "{7039F127-5B80-43C3-8F74-647E28C673CA}"
EndProject
Project("{FAE04EC0-301F-11D3-BF4B-00C04F79EFBC}") = "PizzaTest", "..\PizzaTest\PizzaTest.csproj", "{AC3068A3-CE3F-453B-9B1F-9958F558A347}"
EndProject
Global
	GlobalSection(SolutionConfigurationPlatforms) = preSolution
		Debug|Any CPU = Debug|Any CPU
		Release|Any CPU = Release|Any CPU
	EndGlobalSection
	GlobalSection(ProjectConfigurationPlatforms) = postSolution
		{65B9A7A5-72A9-4EF2-8912-2C806F7DE611}.Debug|Any CPU.ActiveCfg = Debug|Any CPU
		{65B9A7A5-72A9-4EF2-8912-2C806F7DE611}.Debug|Any CPU.Build.0 = Debug|Any CPU
		{65B9A7A5-72A9-4EF2-8912-2C806F7DE611}.Release|Any CPU.ActiveCfg = Release|Any CPU
		{65B9A7A5-72A9-4EF2-8912-2C806F7DE611}.Release|Any CPU.Build.0 = Release|Any CPU
		{AC3068A3-CE3F-453B-9B1F-9958F558A347}.Debug|Any CPU.ActiveCfg = Debug|Any CPU
		{AC3068A3-CE3F-453B-9B1F-9958F558A347}.Debug|Any CPU.Build.0 = Debug|Any CPU
		{AC3068A3-CE3F-453B-9B1F-9958F558A347}.Release|Any CPU.ActiveCfg = Release|Any CPU
		{AC3068A3-CE3F-453B-9B1F-9958F558A347}.Release|Any CPU.Build.0 = Release|Any CPU
	EndGlobalSection
	GlobalSection(SolutionProperties) = preSolution
		HideSolutionNode = FALSE
	EndGlobalSection
	GlobalSection(NestedProjects) = preSolution
		{AC3068A3-CE3F-453B-9B1F-9958F558A347} = {7039F127-5B80-43C3-8F74-647E28C673CA}
	EndGlobalSection
	GlobalSection(ExtensibilityGlobals) = postSolution
		SolutionGuid = {8C891D72-345F-40B1-8E11-FF047E2A0695}
	EndGlobalSection
EndGlobal
